// !$*UTF8*$!
{
	archiveVersion = 1;
	classes = {
	};
	objectVersion = 50;
	objects = {

/* Begin PBXBuildFile section */
		3141E983256E036B00C0F143 /* TestMutiableThread.m in Sources */ = {isa = PBXBuildFile; fileRef = 3141E982256E036B00C0F143 /* TestMutiableThread.m */; };
		315B8254258F1DDB0095039B /* CommonAlgorithm.mm in Sources */ = {isa = PBXBuildFile; fileRef = 315B8253258F1DDB0095039B /* CommonAlgorithm.mm */; };
		31A241F12567E362000C6190 /* main.m in Sources */ = {isa = PBXBuildFile; fileRef = 31A241F02567E362000C6190 /* main.m */; };
/* End PBXBuildFile section */

/* Begin PBXCopyFilesBuildPhase section */
		31A241EB2567E362000C6190 /* CopyFiles */ = {
			isa = PBXCopyFilesBuildPhase;
			buildActionMask = 2147483647;
			dstPath = /usr/share/man/man1/;
			dstSubfolderSpec = 0;
			files = (
			);
			runOnlyForDeploymentPostprocessing = 1;
		};
/* End PBXCopyFilesBuildPhase section */

/* Begin PBXFileReference section */
		3141E981256E036B00C0F143 /* TestMutiableThread.h */ = {isa = PBXFileReference; lastKnownFileType = sourcecode.c.h; path = TestMutiableThread.h; sourceTree = "<group>"; };
		3141E982256E036B00C0F143 /* TestMutiableThread.m */ = {isa = PBXFileReference; lastKnownFileType = sourcecode.c.objc; path = TestMutiableThread.m; sourceTree = "<group>"; };
		315B8252258F1DDB0095039B /* CommonAlgorithm.h */ = {isa = PBXFileReference; lastKnownFileType = sourcecode.c.h; path = CommonAlgorithm.h; sourceTree = "<group>"; };
		315B8253258F1DDB0095039B /* CommonAlgorithm.mm */ = {isa = PBXFileReference; lastKnownFileType = sourcecode.cpp.objcpp; path = CommonAlgorithm.mm; sourceTree = "<group>"; };
		31A241ED2567E362000C6190 /* DataStructAndArithmetic */ = {isa = PBXFileReference; explicitFileType = "compiled.mach-o.executable"; includeInIndex = 0; path = DataStructAndArithmetic; sourceTree = BUILT_PRODUCTS_DIR; };
		31A241F02567E362000C6190 /* main.m */ = {isa = PBXFileReference; lastKnownFileType = sourcecode.c.objc; path = main.m; sourceTree = "<group>"; };
/* End PBXFileReference section */

/* Begin PBXFrameworksBuildPhase section */
		31A241EA2567E362000C6190 /* Frameworks */ = {
			isa = PBXFrameworksBuildPhase;
			buildActionMask = 2147483647;
			files = (
			);
			runOnlyForDeploymentPostprocessing = 0;
		};
/* End PBXFrameworksBuildPhase section */

/* Begin PBXGroup section */
		31A241E42567E362000C6190 = {
			isa = PBXGroup;
			children = (
				31A241EF2567E362000C6190 /* DataStructAndArithmetic */,
				31A241EE2567E362000C6190 /* Products */,
			);
			sourceTree = "<group>";
		};
		31A241EE2567E362000C6190 /* Products */ = {
			isa = PBXGroup;
			children = (
				31A241ED2567E362000C6190 /* DataStructAndArithmetic */,
			);
			name = Products;
			sourceTree = "<group>";
		};
		31A241EF2567E362000C6190 /* DataStructAndArithmetic */ = {
			isa = PBXGroup;
			children = (
				31A241F02567E362000C6190 /* main.m */,
				3141E981256E036B00C0F143 /* TestMutiableThread.h */,
				3141E982256E036B00C0F143 /* TestMutiableThread.m */,
				315B8252258F1DDB0095039B /* CommonAlgorithm.h */,
				315B8253258F1DDB0095039B /* CommonAlgorithm.mm */,
			);
			path = DataStructAndArithmetic;
			sourceTree = "<group>";
		};
/* End PBXGroup section */

/* Begin PBXNativeTarget section */
		31A241EC2567E362000C6190 /* DataStructAndArithmetic */ = {
			isa = PBXNativeTarget;
			buildConfigurationList = 31A241F42567E362000C6190 /* Build configuration list for PBXNativeTarget "DataStructAndArithmetic" */;
			buildPhases = (
				31A241E92567E362000C6190 /* Sources */,
				31A241EA2567E362000C6190 /* Frameworks */,
				31A241EB2567E362000C6190 /* CopyFiles */,
			);
			buildRules = (
			);
			dependencies = (
			);
			name = DataStructAndArithmetic;
			productName = DataStructAndArithmetic;
			productReference = 31A241ED2567E362000C6190 /* DataStructAndArithmetic */;
			productType = "com.apple.product-type.tool";
		};
/* End PBXNativeTarget section */

/* Begin PBXProject section */
		31A241E52567E362000C6190 /* Project object */ = {
			isa = PBXProject;
			attributes = {
				LastUpgradeCheck = 1210;
				TargetAttributes = {
					31A241EC2567E362000C6190 = {
						CreatedOnToolsVersion = 12.1;
					};
				};
			};
			buildConfigurationList = 31A241E82567E362000C6190 /* Build configuration list for PBXProject "DataStructAndArithmetic" */;
			compatibilityVersion = "Xcode 9.3";
			developmentRegion = en;
			hasScannedForEncodings = 0;
			knownRegions = (
				en,
				Base,
			);
			mainGroup = 31A241E42567E362000C6190;
			productRefGroup = 31A241EE2567E362000C6190 /* Products */;
			projectDirPath = "";
			projectRoot = "";
			targets = (
				31A241EC2567E362000C6190 /* DataStructAndArithmetic */,
			);
		};
/* End PBXProject section */

/* Begin PBXSourcesBuildPhase section */
		31A241E92567E362000C6190 /* Sources */ = {
			isa = PBXSourcesBuildPhase;
			buildActionMask = 2147483647;
			files = (
				3141E983256E036B00C0F143 /* TestMutiableThread.m in Sources */,
				31A241F12567E362000C6190 /* main.m in Sources */,
				315B8254258F1DDB0095039B /* CommonAlgorithm.mm in Sources */,
			);
			runOnlyForDeploymentPostprocessing = 0;
		};
/* End PBXSourcesBuildPhase section */

/* Begin XCBuildConfiguration section */
		31A241F22567E362000C6190 /* Debug */ = {
			isa = XCBuildConfiguration;
			buildSettings = {
				ALWAYS_SEARCH_USER_PATHS = NO;
				CLANG_ANALYZER_NONNULL = YES;
				CLANG_ANALYZER_NUMBER_OBJECT_CONVERSION = YES_AGGRESSIVE;
				CLANG_CXX_LANGUAGE_STANDARD = "gnu++14";
				CLANG_CXX_LIBRARY = "libc++";
				CLANG_ENABLE_MODULES = YES;
				CLANG_ENABLE_OBJC_ARC = YES;
				CLANG_ENABLE_OBJC_WEAK = YES;
				CLANG_WARN_BLOCK_CAPTURE_AUTORELEASING = YES;
				CLANG_WARN_BOOL_CONVERSION = YES;
				CLANG_WARN_COMMA = YES;
				CLANG_WARN_CONSTANT_CONVERSION = YES;
				CLANG_WARN_DEPRECATED_OBJC_IMPLEMENTATIONS = YES;
				CLANG_WARN_DIRECT_OBJC_ISA_USAGE = YES_ERROR;
				CLANG_WARN_DOCUMENTATION_COMMENTS = YES;
				CLANG_WARN_EMPTY_BODY = YES;
				CLANG_WARN_ENUM_CONVERSION = YES;
				CLANG_WARN_INFINITE_RECURSION = YES;
				CLANG_WARN_INT_CONVERSION = YES;
				CLANG_WARN_NON_LITERAL_NULL_CONVERSION = YES;
				CLANG_WARN_OBJC_IMPLICIT_RETAIN_SELF = YES;
				CLANG_WARN_OBJC_LITERAL_CONVERSION = YES;
				CLANG_WARN_OBJC_ROOT_CLASS = YES_ERROR;
				CLANG_WARN_QUOTED_INCLUDE_IN_FRAMEWORK_HEADER = YES;
				CLANG_WARN_RANGE_LOOP_ANALYSIS = YES;
				CLANG_WARN_STRICT_PROTOTYPES = YES;
				CLANG_WARN_SUSPICIOUS_MOVE = YES;
				CLANG_WARN_UNGUARDED_AVAILABILITY = YES_AGGRESSIVE;
				CLANG_WARN_UNREACHABLE_CODE = YES;
				CLANG_WARN__DUPLICATE_METHOD_MATCH = YES;
				COPY_PHASE_STRIP = NO;
				DEBUG_INFORMATION_FORMAT = dwarf;
				ENABLE_STRICT_OBJC_MSGSEND = YES;
				ENABLE_TESTABILITY = YES;
				GCC_C_LANGUAGE_STANDARD = gnu11;
				GCC_DYNAMIC_NO_PIC = NO;
				GCC_NO_COMMON_BLOCKS = YES;
				GCC_OPTIMIZATION_LEVEL = 0;
				GCC_PREPROCESSOR_DEFINITIONS = (
					"DEBUG=1",
					"$(inherited)",
				);
				GCC_WARN_64_TO_32_BIT_CONVERSION = YES;
				GCC_WARN_ABOUT_RETURN_TYPE = YES_ERROR;
				GCC_WARN_UNDECLARED_SELECTOR = YES;
				GCC_WARN_UNINITIALIZED_AUTOS = YES_AGGRESSIVE;
				GCC_WARN_UNUSED_FUNCTION = YES;
				GCC_WARN_UNUSED_VARIABLE = YES;
				MACOSX_DEPLOYMENT_TARGET = 10.15;
				MTL_ENABLE_DEBUG_INFO = INCLUDE_SOURCE;
				MTL_FAST_MATH = YES;
				ONLY_ACTIVE_ARCH = YES;
				SDKROOT = macosx;
			};
			name = Debug;
		};
		31A241F32567E362000C6190 /* Release */ = {
			isa = XCBuildConfiguration;
			buildSettings = {
				ALWAYS_SEARCH_USER_PATHS = NO;
				CLANG_ANALYZER_NONNULL = YES;
				CLANG_ANALYZER_NUMBER_OBJECT_CONVERSION = YES_AGGRESSIVE;
				CLANG_CXX_LANGUAGE_STANDARD = "gnu++14";
				CLANG_CXX_LIBRARY = "libc++";
				CLANG_ENABLE_MODULES = YES;
				CLANG_ENABLE_OBJC_ARC = YES;
				CLANG_ENABLE_OBJC_WEAK = YES;
				CLANG_WARN_BLOCK_CAPTURE_AUTORELEASING = YES;
				CLANG_WARN_BOOL_CONVERSION = YES;
				CLANG_WARN_COMMA = YES;
				CLANG_WARN_CONSTANT_CONVERSION = YES;
				CLANG_WARN_DEPRECATED_OBJC_IMPLEMENTATIONS = YES;
				CLANG_WARN_DIRECT_OBJC_ISA_USAGE = YES_ERROR;
				CLANG_WARN_DOCUMENTATION_COMMENTS = YES;
				CLANG_WARN_EMPTY_BODY = YES;
				CLANG_WARN_ENUM_CONVERSION = YES;
				CLANG_WARN_INFINITE_RECURSION = YES;
				CLANG_WARN_INT_CONVERSION = YES;
				CLANG_WARN_NON_LITERAL_NULL_CONVERSION = YES;
				CLANG_WARN_OBJC_IMPLICIT_RETAIN_SELF = YES;
				CLANG_WARN_OBJC_LITERAL_CONVERSION = YES;
				CLANG_WARN_OBJC_ROOT_CLASS = YES_ERROR;
				CLANG_WARN_QUOTED_INCLUDE_IN_FRAMEWORK_HEADER = YES;
				CLANG_WARN_RANGE_LOOP_ANALYSIS = YES;
				CLANG_WARN_STRICT_PROTOTYPES = YES;
				CLANG_WARN_SUSPICIOUS_MOVE = YES;
				CLANG_WARN_UNGUARDED_AVAILABILITY = YES_AGGRESSIVE;
				CLANG_WARN_UNREACHABLE_CODE = YES;
				CLANG_WARN__DUPLICATE_METHOD_MATCH = YES;
				COPY_PHASE_STRIP = NO;
				DEBUG_INFORMATION_FORMAT = "dwarf-with-dsym";
				ENABLE_NS_ASSERTIONS = NO;
				ENABLE_STRICT_OBJC_MSGSEND = YES;
				GCC_C_LANGUAGE_STANDARD = gnu11;
				GCC_NO_COMMON_BLOCKS = YES;
				GCC_WARN_64_TO_32_BIT_CONVERSION = YES;
				GCC_WARN_ABOUT_RETURN_TYPE = YES_ERROR;
				GCC_WARN_UNDECLARED_SELECTOR = YES;
				GCC_WARN_UNINITIALIZED_AUTOS = YES_AGGRESSIVE;
				GCC_WARN_UNUSED_FUNCTION = YES;
				GCC_WARN_UNUSED_VARIABLE = YES;
				MACOSX_DEPLOYMENT_TARGET = 10.15;
				MTL_ENABLE_DEBUG_INFO = NO;
				MTL_FAST_MATH = YES;
				SDKROOT = macosx;
			};
			name = Release;
		};
		31A241F52567E362000C6190 /* Debug */ = {
			isa = XCBuildConfiguration;
			buildSettings = {
				CODE_SIGN_STYLE = Automatic;
				DEVELOPMENT_TEAM = FA7354VW7Z;
				ENABLE_HARDENED_RUNTIME = YES;
				PRODUCT_NAME = "$(TARGET_NAME)";
			};
			name = Debug;
		};
		31A241F62567E362000C6190 /* Release */ = {
			isa = XCBuildConfiguration;
			buildSettings = {
				CODE_SIGN_STYLE = Automatic;
				DEVELOPMENT_TEAM = FA7354VW7Z;
				ENABLE_HARDENED_RUNTIME = YES;
				PRODUCT_NAME = "$(TARGET_NAME)";
			};
			name = Release;
		};
/* End XCBuildConfiguration section */

/* Begin XCConfigurationList section */
		31A241E82567E362000C6190 /* Build configuration list for PBXProject "DataStructAndArithmetic" */ = {
			isa = XCConfigurationList;
			buildConfigurations = (
				31A241F22567E362000C6190 /* Debug */,
				31A241F32567E362000C6190 /* Release */,
			);
			defaultConfigurationIsVisible = 0;
			defaultConfigurationName = Release;
		};
		31A241F42567E362000C6190 /* Build configuration list for PBXNativeTarget "DataStructAndArithmetic" */ = {
			isa = XCConfigurationList;
			buildConfigurations = (
				31A241F52567E362000C6190 /* Debug */,
				31A241F62567E362000C6190 /* Release */,
			);
			defaultConfigurationIsVisible = 0;
			defaultConfigurationName = Release;
		};
/* End XCConfigurationList section */
	};
	rootObject = 31A241E52567E362000C6190 /* Project object */;
}
